
Microsoft Visual Studio Solution File, Format Version 12.00
# Visual Studio 15
VisualStudioVersion = 15.0.28307.329
MinimumVisualStudioVersion = 10.0.40219.1
Project("{FAE04EC0-301F-11D3-BF4B-00C04F79EFBC}") = "Frends.Community.JSON.EnforceJSONTypes", "Frends.Community.JSON.EnforceJSONTypes\Frends.Community.JSON.EnforceJSONTypes.csproj", "{5EA1F410-2A59-472E-B63B-C2DBFF1BAFCD}"
EndProject
Project("{FAE04EC0-301F-11D3-BF4B-00C04F79EFBC}") = "Frends.Community.JSON.EnforceJSONTypes.Tests", "Frends.Community.JSON.EnforceJSONTypes.Tests\Frends.Community.JSON.EnforceJSONTypes.Tests.csproj", "{ADCC09DE-C4F9-4669-8F28-802AF1CD1D29}"
EndProject
Project("{2150E333-8FDC-42A3-9474-1A3956D46DE8}") = "nuspec", "nuspec", "{F4295CD9-8DBA-49B6-9A40-D831F7B79141}"
	ProjectSection(SolutionItems) = preProject
		nuspec\Frends.Community.JSON.EnforceJSONTypes.nuspec = nuspec\Frends.Community.JSON.EnforceJSONTypes.nuspec
	EndProjectSection
EndProject
Global
	GlobalSection(SolutionConfigurationPlatforms) = preSolution
		Debug|Any CPU = Debug|Any CPU
		Release|Any CPU = Release|Any CPU
	EndGlobalSection
	GlobalSection(ProjectConfigurationPlatforms) = postSolution
		{5EA1F410-2A59-472E-B63B-C2DBFF1BAFCD}.Debug|Any CPU.ActiveCfg = Debug|Any CPU
		{5EA1F410-2A59-472E-B63B-C2DBFF1BAFCD}.Debug|Any CPU.Build.0 = Debug|Any CPU
		{5EA1F410-2A59-472E-B63B-C2DBFF1BAFCD}.Release|Any CPU.ActiveCfg = Release|Any CPU
		{5EA1F410-2A59-472E-B63B-C2DBFF1BAFCD}.Release|Any CPU.Build.0 = Release|Any CPU
		{ADCC09DE-C4F9-4669-8F28-802AF1CD1D29}.Debug|Any CPU.ActiveCfg = Debug|Any CPU
		{ADCC09DE-C4F9-4669-8F28-802AF1CD1D29}.Debug|Any CPU.Build.0 = Debug|Any CPU
		{ADCC09DE-C4F9-4669-8F28-802AF1CD1D29}.Release|Any CPU.ActiveCfg = Release|Any CPU
		{ADCC09DE-C4F9-4669-8F28-802AF1CD1D29}.Release|Any CPU.Build.0 = Release|Any CPU
	EndGlobalSection
	GlobalSection(SolutionProperties) = preSolution
		HideSolutionNode = FALSE
	EndGlobalSection
	GlobalSection(ExtensibilityGlobals) = postSolution
		SolutionGuid = {4BD74205-7F95-45F0-8EFC-FE74EBCBD16E}
	EndGlobalSection
EndGlobal
